
Microsoft Visual Studio Solution File, Format Version 12.00
# Visual Studio Version 16
VisualStudioVersion = 16.0.29215.179
MinimumVisualStudioVersion = 10.0.40219.1
Project("{FAE04EC0-301F-11D3-BF4B-00C04F79EFBC}") = "CustomListClassProject", "..\CustomListClassProject.csproj", "{D03744D7-3B35-4E2C-9944-4C95A0C91B42}"
EndProject
Project("{FAE04EC0-301F-11D3-BF4B-00C04F79EFBC}") = "CustomListTest", "..\..\CustomListTest\CustomListTest.csproj", "{F81B17CF-440C-450F-BCD8-41C2EC1018CC}"
EndProject
Global
	GlobalSection(SolutionConfigurationPlatforms) = preSolution
		Debug|Any CPU = Debug|Any CPU
		Release|Any CPU = Release|Any CPU
	EndGlobalSection
	GlobalSection(ProjectConfigurationPlatforms) = postSolution
		{D03744D7-3B35-4E2C-9944-4C95A0C91B42}.Debug|Any CPU.ActiveCfg = Debug|Any CPU
		{D03744D7-3B35-4E2C-9944-4C95A0C91B42}.Debug|Any CPU.Build.0 = Debug|Any CPU
		{D03744D7-3B35-4E2C-9944-4C95A0C91B42}.Release|Any CPU.ActiveCfg = Release|Any CPU
		{D03744D7-3B35-4E2C-9944-4C95A0C91B42}.Release|Any CPU.Build.0 = Release|Any CPU
		{F81B17CF-440C-450F-BCD8-41C2EC1018CC}.Debug|Any CPU.ActiveCfg = Debug|Any CPU
		{F81B17CF-440C-450F-BCD8-41C2EC1018CC}.Debug|Any CPU.Build.0 = Debug|Any CPU
		{F81B17CF-440C-450F-BCD8-41C2EC1018CC}.Release|Any CPU.ActiveCfg = Release|Any CPU
		{F81B17CF-440C-450F-BCD8-41C2EC1018CC}.Release|Any CPU.Build.0 = Release|Any CPU
	EndGlobalSection
	GlobalSection(SolutionProperties) = preSolution
		HideSolutionNode = FALSE
	EndGlobalSection
	GlobalSection(ExtensibilityGlobals) = postSolution
		SolutionGuid = {49E484A5-A29C-4BB2-AF76-DA507407193C}
	EndGlobalSection
EndGlobal
